{
  "name": "simple-publish",
  "lockfileVersion": 2,
  "requires": true,
  "packages": {
    "": {
      "dependencies": {
        "asyncapi-nats-client": "file:./asyncapi-nats-client"
      }
    },
    "asyncapi-nats-client": {},
    "node_modules/asyncapi-nats-client": {
      "resolved": "asyncapi-nats-client",
      "link": true
    }
  },
  "dependencies": {
    "asyncapi-nats-client": {
      "version": "file:asyncapi-nats-client"
    }
  }
}
